
Microsoft Visual Studio Solution File, Format Version 12.00
# Visual Studio Version 16
VisualStudioVersion = 16.0.29905.134
MinimumVisualStudioVersion = 10.0.40219.1
Project("{FAE04EC0-301F-11D3-BF4B-00C04F79EFBC}") = "ConsoleApp2", "ConsoleApp2\ConsoleApp2.csproj", "{72DE2BBD-E347-4880-B5AF-782310CDD452}"
EndProject
Global
	GlobalSection(SolutionConfigurationPlatforms) = preSolution
		Debug|Any CPU = Debug|Any CPU
		Release|Any CPU = Release|Any CPU
	EndGlobalSection
	GlobalSection(ProjectConfigurationPlatforms) = postSolution
		{72DE2BBD-E347-4880-B5AF-782310CDD452}.Debug|Any CPU.ActiveCfg = Debug|Any CPU
		{72DE2BBD-E347-4880-B5AF-782310CDD452}.Debug|Any CPU.Build.0 = Debug|Any CPU
		{72DE2BBD-E347-4880-B5AF-782310CDD452}.Release|Any CPU.ActiveCfg = Release|Any CPU
		{72DE2BBD-E347-4880-B5AF-782310CDD452}.Release|Any CPU.Build.0 = Release|Any CPU
	EndGlobalSection
	GlobalSection(SolutionProperties) = preSolution
		HideSolutionNode = FALSE
	EndGlobalSection
	GlobalSection(ExtensibilityGlobals) = postSolution
		SolutionGuid = {4E934D6F-8FF7-4F5E-9E14-CBC7D04FE025}
	EndGlobalSection
EndGlobal
